{
  "lockfileVersion": 1,
  "configVersion": 1,
  "workspaces": {
    "": {
      "name": "@d31ma/tachyon",
      "dependencies": {
        "@d31ma/fylo": "26.18.29",
        "@d31ma/ttid": "26.18.27-2",
      },
      "devDependencies": {
        "@happy-dom/global-registrator": "^20.8.9",
        "@types/bun": "^1.3.4",
        "@types/deno": "^2.0.0",
        "@types/node": "^20.4.2",
        "happy-dom": "^20.8.9",
        "playwright": "^1.59.1",
        "typescript": "^6.0.2",
      },
    },
  },
  "packages": {
    "@d31ma/chex": ["@d31ma/chex@26.18.27-2", "https://npm.pkg.github.com/download/@d31ma/chex/26.18.27-2/39aa3fa6b23bf3a3c704a5a9f88c310917687fd2", { "bin": { "chex.generate": "src/cli/generate-declarations.js" } }, "sha512-5FVxxrbmF6ToQ5eeGkDofOFAmJpA/VjACER270bqGPJd2yYZv21G3vsgId/v3AUblRAvZvlDfovGNGzb/1XcoA=="],

    "@d31ma/fylo": ["@d31ma/fylo@26.18.29", "https://npm.pkg.github.com/download/@d31ma/fylo/26.18.29/6432961139f0bd16a0dd6b34e54a6813d8a287fb", { "dependencies": { "@d31ma/chex": "26.18.27-2", "@d31ma/ttid": "26.18.27-2" }, "bin": { "fylo.admin": "dist/cli/index.js", "fylo.exec": "dist/cli/index.js", "fylo.query": "dist/cli/index.js" } }, "sha512-OVro5Z0ag2KuB6sl7Cc0uGR5SsiQGQLerwUApDx/NzFSEqiXe7TT80zIpG7EaH9xdrYhmpOAxicyHLrYFwqe3g=="],

    "@d31ma/ttid": ["@d31ma/ttid@26.18.27-2", "https://npm.pkg.github.com/download/@d31ma/ttid/26.18.27-2/257e08d35dd48e7b7f7a9db1cf4910cf52f95aba", {}, "sha512-n4kxGaLTqdeaUYwfzLx6Co7hwTeJjlEkEDTGb+d6IiMFy6SMqk8KljohlRzyBtgDWmNAaZ4JmnnWt3PtZ4Sgkw=="],

    "@happy-dom/global-registrator": ["@happy-dom/global-registrator@20.9.0", "", { "dependencies": { "@types/node": ">=20.0.0", "happy-dom": "^20.9.0" } }, "sha512-lBW6/m5BIFl3pMuWPNN0lIOYw9LMCmPfix53ExS3FBi4E+NELEljQ3xH6aAV9IYiQRfn9YIIgzzMrD0vIcD7tw=="],

    "@types/bun": ["@types/bun@1.3.13", "", { "dependencies": { "bun-types": "1.3.13" } }, "sha512-9fqXWk5YIHGGnUau9TEi+qdlTYDAnOj+xLCmSTwXfAIqXr2x4tytJb43E9uCvt09zJURKXwAtkoH4nLQfzeTXw=="],

    "@types/deno": ["@types/deno@2.5.0", "", {}, "sha512-g8JS38vmc0S87jKsFzre+0ZyMOUDHPVokEJymSCRlL57h6f/FdKPWBXgdFh3Z8Ees9sz11qt9VWELU9Y9ZkiVw=="],

    "@types/node": ["@types/node@20.19.39", "", { "dependencies": { "undici-types": "~6.21.0" } }, "sha512-orrrD74MBUyK8jOAD/r0+lfa1I2MO6I+vAkmAWzMYbCcgrN4lCrmK52gRFQq/JRxfYPfonkr4b0jcY7Olqdqbw=="],

    "@types/whatwg-mimetype": ["@types/whatwg-mimetype@3.0.2", "", {}, "sha512-c2AKvDT8ToxLIOUlN51gTiHXflsfIFisS4pO7pDPoKouJCESkhZnEy623gwP9laCy5lnLDAw1vAzu2vM2YLOrA=="],

    "@types/ws": ["@types/ws@8.18.1", "", { "dependencies": { "@types/node": "*" } }, "sha512-ThVF6DCVhA8kUGy+aazFQ4kXQ7E1Ty7A3ypFOe0IcJV8O/M511G99AW24irKrW56Wt44yG9+ij8FaqoBGkuBXg=="],

    "bun-types": ["bun-types@1.3.13", "", { "dependencies": { "@types/node": "*" } }, "sha512-QXKeHLlOLqQX9LgYaHJfzdBaV21T63HhFJnvuRCcjZiaUDpbs5ED1MgxbMra71CsryN/1dAoXuJJJwIv/2drVA=="],

    "entities": ["entities@7.0.1", "", {}, "sha512-TWrgLOFUQTH994YUyl1yT4uyavY5nNB5muff+RtWaqNVCAK408b5ZnnbNAUEWLTCpum9w6arT70i1XdQ4UeOPA=="],

    "fsevents": ["fsevents@2.3.2", "", { "os": "darwin" }, "sha512-xiqMQR4xAeHTuB9uWm+fFRcIOgKBMiOBP+eXiyT7jsgVCq1bkVygt00oASowB7EdtpOHaaPgKt812P9ab+DDKA=="],

    "happy-dom": ["happy-dom@20.9.0", "", { "dependencies": { "@types/node": ">=20.0.0", "@types/whatwg-mimetype": "^3.0.2", "@types/ws": "^8.18.1", "entities": "^7.0.1", "whatwg-mimetype": "^3.0.0", "ws": "^8.18.3" } }, "sha512-GZZ9mKe8r646NUAf/zemnGbjYh4Bt8/MqASJY+pSm5ZDtc3YQox+4gsLI7yi1hba6o+eCsGxpHn5+iEVn31/FQ=="],

    "playwright": ["playwright@1.59.1", "", { "dependencies": { "playwright-core": "1.59.1" }, "optionalDependencies": { "fsevents": "2.3.2" }, "bin": { "playwright": "cli.js" } }, "sha512-C8oWjPR3F81yljW9o5OxcWzfh6avkVwDD2VYdwIGqTkl+OGFISgypqzfu7dOe4QNLL2aqcWBmI3PMtLIK233lw=="],

    "playwright-core": ["playwright-core@1.59.1", "", { "bin": { "playwright-core": "cli.js" } }, "sha512-HBV/RJg81z5BiiZ9yPzIiClYV/QMsDCKUyogwH9p3MCP6IYjUFu/MActgYAvK0oWyV9NlwM3GLBjADyWgydVyg=="],

    "typescript": ["typescript@6.0.3", "", { "bin": { "tsc": "bin/tsc", "tsserver": "bin/tsserver" } }, "sha512-y2TvuxSZPDyQakkFRPZHKFm+KKVqIisdg9/CZwm9ftvKXLP8NRWj38/ODjNbr43SsoXqNuAisEf1GdCxqWcdBw=="],

    "undici-types": ["undici-types@6.21.0", "", {}, "sha512-iwDZqg0QAGrg9Rav5H4n0M64c3mkR59cJ6wQp+7C4nI0gsmExaedaYLNO44eT4AtBBwjbTiGPMlt2Md0T9H9JQ=="],

    "whatwg-mimetype": ["whatwg-mimetype@3.0.0", "", {}, "sha512-nt+N2dzIutVRxARx1nghPKGv1xHikU7HKdfafKkLNLindmPU/ch3U31NOCGGA/dmPcmb1VlofO0vnKAcsm0o/Q=="],

    "ws": ["ws@8.20.0", "", { "peerDependencies": { "bufferutil": "^4.0.1", "utf-8-validate": ">=5.0.2" }, "optionalPeers": ["bufferutil", "utf-8-validate"] }, "sha512-sAt8BhgNbzCtgGbt2OxmpuryO63ZoDk/sqaB/znQm94T4fCEsy/yV+7CdC1kJhOU9lboAEU7R3kquuycDoibVA=="],
  }
}
